// !$*UTF8*$!
{
	archiveVersion = 1;
	classes = {
	};
	objectVersion = 46;
	objects = {

/* Begin PBXBuildFile section */
		AA9289A71CA322F200E31730 /* main.m in Sources */ = {isa = PBXBuildFile; fileRef = AA9289A61CA322F200E31730 /* main.m */; };
		AA9289AA1CA322F200E31730 /* AppDelegate.m in Sources */ = {isa = PBXBuildFile; fileRef = AA9289A91CA322F200E31730 /* AppDelegate.m */; };
		AA9289AD1CA322F200E31730 /* ViewController.m in Sources */ = {isa = PBXBuildFile; fileRef = AA9289AC1CA322F200E31730 /* ViewController.m */; };
		AA9289B01CA322F200E31730 /* Main.storyboard in Resources */ = {isa = PBXBuildFile; fileRef = AA9289AE1CA322F200E31730 /* Main.storyboard */; };
		AA9289B31CA322F200E31730 /* task3ItunsSearch.xcdatamodeld in Sources */ = {isa = PBXBuildFile; fileRef = AA9289B11CA322F200E31730 /* task3ItunsSearch.xcdatamodeld */; };
		AA9289B51CA322F200E31730 /* Assets.xcassets in Resources */ = {isa = PBXBuildFile; fileRef = AA9289B41CA322F200E31730 /* Assets.xcassets */; };
		AA9289B81CA322F200E31730 /* LaunchScreen.storyboard in Resources */ = {isa = PBXBuildFile; fileRef = AA9289B61CA322F200E31730 /* LaunchScreen.storyboard */; };
		AA9289C31CA322F200E31730 /* task3ItunsSearchTests.m in Sources */ = {isa = PBXBuildFile; fileRef = AA9289C21CA322F200E31730 /* task3ItunsSearchTests.m */; };
		AA9289CE1CA322F200E31730 /* task3ItunsSearchUITests.m in Sources */ = {isa = PBXBuildFile; fileRef = AA9289CD1CA322F200E31730 /* task3ItunsSearchUITests.m */; };
/* End PBXBuildFile section */

/* Begin PBXContainerItemProxy section */
		AA9289BF1CA322F200E31730 /* PBXContainerItemProxy */ = {
			isa = PBXContainerItemProxy;
			containerPortal = AA92899A1CA322F200E31730 /* Project object */;
			proxyType = 1;
			remoteGlobalIDString = AA9289A11CA322F200E31730;
			remoteInfo = task3ItunsSearch;
		};
		AA9289CA1CA322F200E31730 /* PBXContainerItemProxy */ = {
			isa = PBXContainerItemProxy;
			containerPortal = AA92899A1CA322F200E31730 /* Project object */;
			proxyType = 1;
			remoteGlobalIDString = AA9289A11CA322F200E31730;
			remoteInfo = task3ItunsSearch;
		};
/* End PBXContainerItemProxy section */

/* Begin PBXFileReference section */
		AA9289A21CA322F200E31730 /* task3ItunsSearch.app */ = {isa = PBXFileReference; explicitFileType = wrapper.application; includeInIndex = 0; path = task3ItunsSearch.app; sourceTree = BUILT_PRODUCTS_DIR; };
		AA9289A61CA322F200E31730 /* main.m */ = {isa = PBXFileReference; lastKnownFileType = sourcecode.c.objc; path = main.m; sourceTree = "<group>"; };
		AA9289A81CA322F200E31730 /* AppDelegate.h */ = {isa = PBXFileReference; lastKnownFileType = sourcecode.c.h; path = AppDelegate.h; sourceTree = "<group>"; };
		AA9289A91CA322F200E31730 /* AppDelegate.m */ = {isa = PBXFileReference; lastKnownFileType = sourcecode.c.objc; path = AppDelegate.m; sourceTree = "<group>"; };
		AA9289AB1CA322F200E31730 /* ViewController.h */ = {isa = PBXFileReference; lastKnownFileType = sourcecode.c.h; path = ViewController.h; sourceTree = "<group>"; };
		AA9289AC1CA322F200E31730 /* ViewController.m */ = {isa = PBXFileReference; lastKnownFileType = sourcecode.c.objc; path = ViewController.m; sourceTree = "<group>"; };
		AA9289AF1CA322F200E31730 /* Base */ = {isa = PBXFileReference; lastKnownFileType = file.storyboard; name = Base; path = Base.lproj/Main.storyboard; sourceTree = "<group>"; };
		AA9289B21CA322F200E31730 /* task3ItunsSearch.xcdatamodel */ = {isa = PBXFileReference; lastKnownFileType = wrapper.xcdatamodel; path = task3ItunsSearch.xcdatamodel; sourceTree = "<group>"; };
		AA9289B41CA322F200E31730 /* Assets.xcassets */ = {isa = PBXFileReference; lastKnownFileType = folder.assetcatalog; path = Assets.xcassets; sourceTree = "<group>"; };
		AA9289B71CA322F200E31730 /* Base */ = {isa = PBXFileReference; lastKnownFileType = file.storyboard; name = Base; path = Base.lproj/LaunchScreen.storyboard; sourceTree = "<group>"; };
		AA9289B91CA322F200E31730 /* Info.plist */ = {isa = PBXFileReference; lastKnownFileType = text.plist.xml; path = Info.plist; sourceTree = "<group>"; };
		AA9289BE1CA322F200E31730 /* task3ItunsSearchTests.xctest */ = {isa = PBXFileReference; explicitFileType = wrapper.cfbundle; includeInIndex = 0; path = task3ItunsSearchTests.xctest; sourceTree = BUILT_PRODUCTS_DIR; };
		AA9289C21CA322F200E31730 /* task3ItunsSearchTests.m */ = {isa = PBXFileReference; lastKnownFileType = sourcecode.c.objc; path = task3ItunsSearchTests.m; sourceTree = "<group>"; };
		AA9289C41CA322F200E31730 /* Info.plist */ = {isa = PBXFileReference; lastKnownFileType = text.plist.xml; path = Info.plist; sourceTree = "<group>"; };
		AA9289C91CA322F200E31730 /* task3ItunsSearchUITests.xctest */ = {isa = PBXFileReference; explicitFileType = wrapper.cfbundle; includeInIndex = 0; path = task3ItunsSearchUITests.xctest; sourceTree = BUILT_PRODUCTS_DIR; };
		AA9289CD1CA322F200E31730 /* task3ItunsSearchUITests.m */ = {isa = PBXFileReference; lastKnownFileType = sourcecode.c.objc; path = task3ItunsSearchUITests.m; sourceTree = "<group>"; };
		AA9289CF1CA322F200E31730 /* Info.plist */ = {isa = PBXFileReference; lastKnownFileType = text.plist.xml; path = Info.plist; sourceTree = "<group>"; };
/* End PBXFileReference section */

/* Begin PBXFrameworksBuildPhase section */
		AA92899F1CA322F200E31730 /* Frameworks */ = {
			isa = PBXFrameworksBuildPhase;
			buildActionMask = 2147483647;
			files = (
			);
			runOnlyForDeploymentPostprocessing = 0;
		};
		AA9289BB1CA322F200E31730 /* Frameworks */ = {
			isa = PBXFrameworksBuildPhase;
			buildActionMask = 2147483647;
			files = (
			);
			runOnlyForDeploymentPostprocessing = 0;
		};
		AA9289C61CA322F200E31730 /* Frameworks */ = {
			isa = PBXFrameworksBuildPhase;
			buildActionMask = 2147483647;
			files = (
			);
			runOnlyForDeploymentPostprocessing = 0;
		};
/* End PBXFrameworksBuildPhase section */

/* Begin PBXGroup section */
		AA9289991CA322F200E31730 = {
			isa = PBXGroup;
			children = (
				AA9289A41CA322F200E31730 /* task3ItunsSearch */,
				AA9289C11CA322F200E31730 /* task3ItunsSearchTests */,
				AA9289CC1CA322F200E31730 /* task3ItunsSearchUITests */,
				AA9289A31CA322F200E31730 /* Products */,
			);
			sourceTree = "<group>";
		};
		AA9289A31CA322F200E31730 /* Products */ = {
			isa = PBXGroup;
			children = (
				AA9289A21CA322F200E31730 /* task3ItunsSearch.app */,
				AA9289BE1CA322F200E31730 /* task3ItunsSearchTests.xctest */,
				AA9289C91CA322F200E31730 /* task3ItunsSearchUITests.xctest */,
			);
			name = Products;
			sourceTree = "<group>";
		};
		AA9289A41CA322F200E31730 /* task3ItunsSearch */ = {
			isa = PBXGroup;
			children = (
				AA9289A81CA322F200E31730 /* AppDelegate.h */,
				AA9289A91CA322F200E31730 /* AppDelegate.m */,
				AA9289AB1CA322F200E31730 /* ViewController.h */,
				AA9289AC1CA322F200E31730 /* ViewController.m */,
				AA9289AE1CA322F200E31730 /* Main.storyboard */,
				AA9289B41CA322F200E31730 /* Assets.xcassets */,
				AA9289B61CA322F200E31730 /* LaunchScreen.storyboard */,
				AA9289B91CA322F200E31730 /* Info.plist */,
				AA9289B11CA322F200E31730 /* task3ItunsSearch.xcdatamodeld */,
				AA9289A51CA322F200E31730 /* Supporting Files */,
			);
			path = task3ItunsSearch;
			sourceTree = "<group>";
		};
		AA9289A51CA322F200E31730 /* Supporting Files */ = {
			isa = PBXGroup;
			children = (
				AA9289A61CA322F200E31730 /* main.m */,
			);
			name = "Supporting Files";
			sourceTree = "<group>";
		};
		AA9289C11CA322F200E31730 /* task3ItunsSearchTests */ = {
			isa = PBXGroup;
			children = (
				AA9289C21CA322F200E31730 /* task3ItunsSearchTests.m */,
				AA9289C41CA322F200E31730 /* Info.plist */,
			);
			path = task3ItunsSearchTests;
			sourceTree = "<group>";
		};
		AA9289CC1CA322F200E31730 /* task3ItunsSearchUITests */ = {
			isa = PBXGroup;
			children = (
				AA9289CD1CA322F200E31730 /* task3ItunsSearchUITests.m */,
				AA9289CF1CA322F200E31730 /* Info.plist */,
			);
			path = task3ItunsSearchUITests;
			sourceTree = "<group>";
		};
/* End PBXGroup section */

/* Begin PBXNativeTarget section */
		AA9289A11CA322F200E31730 /* task3ItunsSearch */ = {
			isa = PBXNativeTarget;
			buildConfigurationList = AA9289D21CA322F200E31730 /* Build configuration list for PBXNativeTarget "task3ItunsSearch" */;
			buildPhases = (
				AA92899E1CA322F200E31730 /* Sources */,
				AA92899F1CA322F200E31730 /* Frameworks */,
				AA9289A01CA322F200E31730 /* Resources */,
			);
			buildRules = (
			);
			dependencies = (
			);
			name = task3ItunsSearch;
			productName = task3ItunsSearch;
			productReference = AA9289A21CA322F200E31730 /* task3ItunsSearch.app */;
			productType = "com.apple.product-type.application";
		};
		AA9289BD1CA322F200E31730 /* task3ItunsSearchTests */ = {
			isa = PBXNativeTarget;
			buildConfigurationList = AA9289D51CA322F200E31730 /* Build configuration list for PBXNativeTarget "task3ItunsSearchTests" */;
			buildPhases = (
				AA9289BA1CA322F200E31730 /* Sources */,
				AA9289BB1CA322F200E31730 /* Frameworks */,
				AA9289BC1CA322F200E31730 /* Resources */,
			);
			buildRules = (
			);
			dependencies = (
				AA9289C01CA322F200E31730 /* PBXTargetDependency */,
			);
			name = task3ItunsSearchTests;
			productName = task3ItunsSearchTests;
			productReference = AA9289BE1CA322F200E31730 /* task3ItunsSearchTests.xctest */;
			productType = "com.apple.product-type.bundle.unit-test";
		};
		AA9289C81CA322F200E31730 /* task3ItunsSearchUITests */ = {
			isa = PBXNativeTarget;
			buildConfigurationList = AA9289D81CA322F200E31730 /* Build configuration list for PBXNativeTarget "task3ItunsSearchUITests" */;
			buildPhases = (
				AA9289C51CA322F200E31730 /* Sources */,
				AA9289C61CA322F200E31730 /* Frameworks */,
				AA9289C71CA322F200E31730 /* Resources */,
			);
			buildRules = (
			);
			dependencies = (
				AA9289CB1CA322F200E31730 /* PBXTargetDependency */,
			);
			name = task3ItunsSearchUITests;
			productName = task3ItunsSearchUITests;
			productReference = AA9289C91CA322F200E31730 /* task3ItunsSearchUITests.xctest */;
			productType = "com.apple.product-type.bundle.ui-testing";
		};
/* End PBXNativeTarget section */

/* Begin PBXProject section */
		AA92899A1CA322F200E31730 /* Project object */ = {
			isa = PBXProject;
			attributes = {
				LastUpgradeCheck = 0720;
				ORGANIZATIONNAME = "Yu Ma";
				TargetAttributes = {
					AA9289A11CA322F200E31730 = {
						CreatedOnToolsVersion = 7.2.1;
					};
					AA9289BD1CA322F200E31730 = {
						CreatedOnToolsVersion = 7.2.1;
						TestTargetID = AA9289A11CA322F200E31730;
					};
					AA9289C81CA322F200E31730 = {
						CreatedOnToolsVersion = 7.2.1;
						TestTargetID = AA9289A11CA322F200E31730;
					};
				};
			};
			buildConfigurationList = AA92899D1CA322F200E31730 /* Build configuration list for PBXProject "task3ItunsSearch" */;
			compatibilityVersion = "Xcode 3.2";
			developmentRegion = English;
			hasScannedForEncodings = 0;
			knownRegions = (
				en,
				Base,
			);
			mainGroup = AA9289991CA322F200E31730;
			productRefGroup = AA9289A31CA322F200E31730 /* Products */;
			projectDirPath = "";
			projectRoot = "";
			targets = (
				AA9289A11CA322F200E31730 /* task3ItunsSearch */,
				AA9289BD1CA322F200E31730 /* task3ItunsSearchTests */,
				AA9289C81CA322F200E31730 /* task3ItunsSearchUITests */,
			);
		};
/* End PBXProject section */

/* Begin PBXResourcesBuildPhase section */
		AA9289A01CA322F200E31730 /* Resources */ = {
			isa = PBXResourcesBuildPhase;
			buildActionMask = 2147483647;
			files = (
				AA9289B81CA322F200E31730 /* LaunchScreen.storyboard in Resources */,
				AA9289B51CA322F200E31730 /* Assets.xcassets in Resources */,
				AA9289B01CA322F200E31730 /* Main.storyboard in Resources */,
			);
			runOnlyForDeploymentPostprocessing = 0;
		};
		AA9289BC1CA322F200E31730 /* Resources */ = {
			isa = PBXResourcesBuildPhase;
			buildActionMask = 2147483647;
			files = (
			);
			runOnlyForDeploymentPostprocessing = 0;
		};
		AA9289C71CA322F200E31730 /* Resources */ = {
			isa = PBXResourcesBuildPhase;
			buildActionMask = 2147483647;
			files = (
			);
			runOnlyForDeploymentPostprocessing = 0;
		};
/* End PBXResourcesBuildPhase section */

/* Begin PBXSourcesBuildPhase section */
		AA92899E1CA322F200E31730 /* Sources */ = {
			isa = PBXSourcesBuildPhase;
			buildActionMask = 2147483647;
			files = (
				AA9289B31CA322F200E31730 /* task3ItunsSearch.xcdatamodeld in Sources */,
				AA9289AD1CA322F200E31730 /* ViewController.m in Sources */,
				AA9289AA1CA322F200E31730 /* AppDelegate.m in Sources */,
				AA9289A71CA322F200E31730 /* main.m in Sources */,
			);
			runOnlyForDeploymentPostprocessing = 0;
		};
		AA9289BA1CA322F200E31730 /* Sources */ = {
			isa = PBXSourcesBuildPhase;
			buildActionMask = 2147483647;
			files = (
				AA9289C31CA322F200E31730 /* task3ItunsSearchTests.m in Sources */,
			);
			runOnlyForDeploymentPostprocessing = 0;
		};
		AA9289C51CA322F200E31730 /* Sources */ = {
			isa = PBXSourcesBuildPhase;
			buildActionMask = 2147483647;
			files = (
				AA9289CE1CA322F200E31730 /* task3ItunsSearchUITests.m in Sources */,
			);
			runOnlyForDeploymentPostprocessing = 0;
		};
/* End PBXSourcesBuildPhase section */

/* Begin PBXTargetDependency section */
		AA9289C01CA322F200E31730 /* PBXTargetDependency */ = {
			isa = PBXTargetDependency;
			target = AA9289A11CA322F200E31730 /* task3ItunsSearch */;
			targetProxy = AA9289BF1CA322F200E31730 /* PBXContainerItemProxy */;
		};
		AA9289CB1CA322F200E31730 /* PBXTargetDependency */ = {
			isa = PBXTargetDependency;
			target = AA9289A11CA322F200E31730 /* task3ItunsSearch */;
			targetProxy = AA9289CA1CA322F200E31730 /* PBXContainerItemProxy */;
		};
/* End PBXTargetDependency section */

/* Begin PBXVariantGroup section */
		AA9289AE1CA322F200E31730 /* Main.storyboard */ = {
			isa = PBXVariantGroup;
			children = (
				AA9289AF1CA322F200E31730 /* Base */,
			);
			name = Main.storyboard;
			sourceTree = "<group>";
		};
		AA9289B61CA322F200E31730 /* LaunchScreen.storyboard */ = {
			isa = PBXVariantGroup;
			children = (
				AA9289B71CA322F200E31730 /* Base */,
			);
			name = LaunchScreen.storyboard;
			sourceTree = "<group>";
		};
/* End PBXVariantGroup section */

/* Begin XCBuildConfiguration section */
		AA9289D01CA322F200E31730 /* Debug */ = {
			isa = XCBuildConfiguration;
			buildSettings = {
				ALWAYS_SEARCH_USER_PATHS = NO;
				CLANG_CXX_LANGUAGE_STANDARD = "gnu++0x";
				CLANG_CXX_LIBRARY = "libc++";
				CLANG_ENABLE_MODULES = YES;
				CLANG_ENABLE_OBJC_ARC = YES;
				CLANG_WARN_BOOL_CONVERSION = YES;
				CLANG_WARN_CONSTANT_CONVERSION = YES;
				CLANG_WARN_DIRECT_OBJC_ISA_USAGE = YES_ERROR;
				CLANG_WARN_EMPTY_BODY = YES;
				CLANG_WARN_ENUM_CONVERSION = YES;
				CLANG_WARN_INT_CONVERSION = YES;
				CLANG_WARN_OBJC_ROOT_CLASS = YES_ERROR;
				CLANG_WARN_UNREACHABLE_CODE = YES;
				CLANG_WARN__DUPLICATE_METHOD_MATCH = YES;
				"CODE_SIGN_IDENTITY[sdk=iphoneos*]" = "iPhone Developer";
				COPY_PHASE_STRIP = NO;
				DEBUG_INFORMATION_FORMAT = dwarf;
				ENABLE_STRICT_OBJC_MSGSEND = YES;
				ENABLE_TESTABILITY = YES;
				GCC_C_LANGUAGE_STANDARD = gnu99;
				GCC_DYNAMIC_NO_PIC = NO;
				GCC_NO_COMMON_BLOCKS = YES;
				GCC_OPTIMIZATION_LEVEL = 0;
				GCC_PREPROCESSOR_DEFINITIONS = (
					"DEBUG=1",
					"$(inherited)",
				);
				GCC_WARN_64_TO_32_BIT_CONVERSION = YES;
				GCC_WARN_ABOUT_RETURN_TYPE = YES_ERROR;
				GCC_WARN_UNDECLARED_SELECTOR = YES;
				GCC_WARN_UNINITIALIZED_AUTOS = YES_AGGRESSIVE;
				GCC_WARN_UNUSED_FUNCTION = YES;
				GCC_WARN_UNUSED_VARIABLE = YES;
				IPHONEOS_DEPLOYMENT_TARGET = 9.2;
				MTL_ENABLE_DEBUG_INFO = YES;
				ONLY_ACTIVE_ARCH = YES;
				SDKROOT = iphoneos;
			};
			name = Debug;
		};
		AA9289D11CA322F200E31730 /* Release */ = {
			isa = XCBuildConfiguration;
			buildSettings = {
				ALWAYS_SEARCH_USER_PATHS = NO;
				CLANG_CXX_LANGUAGE_STANDARD = "gnu++0x";
				CLANG_CXX_LIBRARY = "libc++";
				CLANG_ENABLE_MODULES = YES;
				CLANG_ENABLE_OBJC_ARC = YES;
				CLANG_WARN_BOOL_CONVERSION = YES;
				CLANG_WARN_CONSTANT_CONVERSION = YES;
				CLANG_WARN_DIRECT_OBJC_ISA_USAGE = YES_ERROR;
				CLANG_WARN_EMPTY_BODY = YES;
				CLANG_WARN_ENUM_CONVERSION = YES;
				CLANG_WARN_INT_CONVERSION = YES;
				CLANG_WARN_OBJC_ROOT_CLASS = YES_ERROR;
				CLANG_WARN_UNREACHABLE_CODE = YES;
				CLANG_WARN__DUPLICATE_METHOD_MATCH = YES;
				"CODE_SIGN_IDENTITY[sdk=iphoneos*]" = "iPhone Developer";
				COPY_PHASE_STRIP = NO;
				DEBUG_INFORMATION_FORMAT = "dwarf-with-dsym";
				ENABLE_NS_ASSERTIONS = NO;
				ENABLE_STRICT_OBJC_MSGSEND = YES;
				GCC_C_LANGUAGE_STANDARD = gnu99;
				GCC_NO_COMMON_BLOCKS = YES;
				GCC_WARN_64_TO_32_BIT_CONVERSION = YES;
				GCC_WARN_ABOUT_RETURN_TYPE = YES_ERROR;
				GCC_WARN_UNDECLARED_SELECTOR = YES;
				GCC_WARN_UNINITIALIZED_AUTOS = YES_AGGRESSIVE;
				GCC_WARN_UNUSED_FUNCTION = YES;
				GCC_WARN_UNUSED_VARIABLE = YES;
				IPHONEOS_DEPLOYMENT_TARGET = 9.2;
				MTL_ENABLE_DEBUG_INFO = NO;
				SDKROOT = iphoneos;
				VALIDATE_PRODUCT = YES;
			};
			name = Release;
		};
		AA9289D31CA322F200E31730 /* Debug */ = {
			isa = XCBuildConfiguration;
			buildSettings = {
				ASSETCATALOG_COMPILER_APPICON_NAME = AppIcon;
				INFOPLIST_FILE = task3ItunsSearch/Info.plist;
				LD_RUNPATH_SEARCH_PATHS = "$(inherited) @executable_path/Frameworks";
				PRODUCT_BUNDLE_IDENTIFIER = "-.task3ItunsSearch";
				PRODUCT_NAME = "$(TARGET_NAME)";
			};
			name = Debug;
		};
		AA9289D41CA322F200E31730 /* Release */ = {
			isa = XCBuildConfiguration;
			buildSettings = {
				ASSETCATALOG_COMPILER_APPICON_NAME = AppIcon;
				INFOPLIST_FILE = task3ItunsSearch/Info.plist;
				LD_RUNPATH_SEARCH_PATHS = "$(inherited) @executable_path/Frameworks";
				PRODUCT_BUNDLE_IDENTIFIER = "-.task3ItunsSearch";
				PRODUCT_NAME = "$(TARGET_NAME)";
			};
			name = Release;
		};
		AA9289D61CA322F200E31730 /* Debug */ = {
			isa = XCBuildConfiguration;
			buildSettings = {
				BUNDLE_LOADER = "$(TEST_HOST)";
				INFOPLIST_FILE = task3ItunsSearchTests/Info.plist;
				LD_RUNPATH_SEARCH_PATHS = "$(inherited) @executable_path/Frameworks @loader_path/Frameworks";
				PRODUCT_BUNDLE_IDENTIFIER = "-.task3ItunsSearchTests";
				PRODUCT_NAME = "$(TARGET_NAME)";
				TEST_HOST = "$(BUILT_PRODUCTS_DIR)/task3ItunsSearch.app/task3ItunsSearch";
			};
			name = Debug;
		};
		AA9289D71CA322F200E31730 /* Release */ = {
			isa = XCBuildConfiguration;
			buildSettings = {
				BUNDLE_LOADER = "$(TEST_HOST)";
				INFOPLIST_FILE = task3ItunsSearchTests/Info.plist;
				LD_RUNPATH_SEARCH_PATHS = "$(inherited) @executable_path/Frameworks @loader_path/Frameworks";
				PRODUCT_BUNDLE_IDENTIFIER = "-.task3ItunsSearchTests";
				PRODUCT_NAME = "$(TARGET_NAME)";
				TEST_HOST = "$(BUILT_PRODUCTS_DIR)/task3ItunsSearch.app/task3ItunsSearch";
			};
			name = Release;
		};
		AA9289D91CA322F200E31730 /* Debug */ = {
			isa = XCBuildConfiguration;
			buildSettings = {
				INFOPLIST_FILE = task3ItunsSearchUITests/Info.plist;
				LD_RUNPATH_SEARCH_PATHS = "$(inherited) @executable_path/Frameworks @loader_path/Frameworks";
				PRODUCT_BUNDLE_IDENTIFIER = "-.task3ItunsSearchUITests";
				PRODUCT_NAME = "$(TARGET_NAME)";
				TEST_TARGET_NAME = task3ItunsSearch;
				USES_XCTRUNNER = YES;
			};
			name = Debug;
		};
		AA9289DA1CA322F200E31730 /* Release */ = {
			isa = XCBuildConfiguration;
			buildSettings = {
				INFOPLIST_FILE = task3ItunsSearchUITests/Info.plist;
				LD_RUNPATH_SEARCH_PATHS = "$(inherited) @executable_path/Frameworks @loader_path/Frameworks";
				PRODUCT_BUNDLE_IDENTIFIER = "-.task3ItunsSearchUITests";
				PRODUCT_NAME = "$(TARGET_NAME)";
				TEST_TARGET_NAME = task3ItunsSearch;
				USES_XCTRUNNER = YES;
			};
			name = Release;
		};
/* End XCBuildConfiguration section */

/* Begin XCConfigurationList section */
		AA92899D1CA322F200E31730 /* Build configuration list for PBXProject "task3ItunsSearch" */ = {
			isa = XCConfigurationList;
			buildConfigurations = (
				AA9289D01CA322F200E31730 /* Debug */,
				AA9289D11CA322F200E31730 /* Release */,
			);
			defaultConfigurationIsVisible = 0;
			defaultConfigurationName = Release;
		};
		AA9289D21CA322F200E31730 /* Build configuration list for PBXNativeTarget "task3ItunsSearch" */ = {
			isa = XCConfigurationList;
			buildConfigurations = (
				AA9289D31CA322F200E31730 /* Debug */,
				AA9289D41CA322F200E31730 /* Release */,
			);
			defaultConfigurationIsVisible = 0;
		};
		AA9289D51CA322F200E31730 /* Build configuration list for PBXNativeTarget "task3ItunsSearchTests" */ = {
			isa = XCConfigurationList;
			buildConfigurations = (
				AA9289D61CA322F200E31730 /* Debug */,
				AA9289D71CA322F200E31730 /* Release */,
			);
			defaultConfigurationIsVisible = 0;
		};
		AA9289D81CA322F200E31730 /* Build configuration list for PBXNativeTarget "task3ItunsSearchUITests" */ = {
			isa = XCConfigurationList;
			buildConfigurations = (
				AA9289D91CA322F200E31730 /* Debug */,
				AA9289DA1CA322F200E31730 /* Release */,
			);
			defaultConfigurationIsVisible = 0;
		};
/* End XCConfigurationList section */

/* Begin XCVersionGroup section */
		AA9289B11CA322F200E31730 /* task3ItunsSearch.xcdatamodeld */ = {
			isa = XCVersionGroup;
			children = (
				AA9289B21CA322F200E31730 /* task3ItunsSearch.xcdatamodel */,
			);
			currentVersion = AA9289B21CA322F200E31730 /* task3ItunsSearch.xcdatamodel */;
			path = task3ItunsSearch.xcdatamodeld;
			sourceTree = "<group>";
			versionGroupType = wrapper.xcdatamodel;
		};
/* End XCVersionGroup section */
	};
	rootObject = AA92899A1CA322F200E31730 /* Project object */;
}
